
Microsoft Visual Studio Solution File, Format Version 12.00
# Visual Studio Version 17
VisualStudioVersion = 17.5.33530.505
MinimumVisualStudioVersion = 10.0.40219.1
Project("{FAE04EC0-301F-11D3-BF4B-00C04F79EFBC}") = "ADOExample", "ADOExample\ADOExample.csproj", "{CD7845DE-8994-43D4-BD14-B09FA2895FB6}"
EndProject
Global
	GlobalSection(SolutionConfigurationPlatforms) = preSolution
		Debug|Any CPU = Debug|Any CPU
		Release|Any CPU = Release|Any CPU
	EndGlobalSection
	GlobalSection(ProjectConfigurationPlatforms) = postSolution
		{CD7845DE-8994-43D4-BD14-B09FA2895FB6}.Debug|Any CPU.ActiveCfg = Debug|Any CPU
		{CD7845DE-8994-43D4-BD14-B09FA2895FB6}.Debug|Any CPU.Build.0 = Debug|Any CPU
		{CD7845DE-8994-43D4-BD14-B09FA2895FB6}.Release|Any CPU.ActiveCfg = Release|Any CPU
		{CD7845DE-8994-43D4-BD14-B09FA2895FB6}.Release|Any CPU.Build.0 = Release|Any CPU
	EndGlobalSection
	GlobalSection(SolutionProperties) = preSolution
		HideSolutionNode = FALSE
	EndGlobalSection
	GlobalSection(ExtensibilityGlobals) = postSolution
		SolutionGuid = {14468F30-86A6-49D5-B797-040EB0319FBF}
	EndGlobalSection
EndGlobal
